<Solution>
    <Configurations>
        <Platform Name="Any CPU" />
        <Platform Name="ARM64" />
        <Platform Name="x64" />
        <Platform Name="x86" />
    </Configurations>
    <Folder Name="/Solution Items/">
        <File Path="Directory.Build.props" />
        <File Path="Directory.Packages.props" />
        <File Path="global.json" />
    </Folder>
    <Folder Name="/src/">
        <Project Path="src/ThunderPropagator.SubscriptionMessageFormatters.MessagePack/ThunderPropagator.SubscriptionMessageFormatters.MessagePack.csproj">
            <Platform Solution="*|ARM64" Project="ARM64" />
            <Platform Solution="*|x64" Project="x64" />
            <Platform Solution="*|x86" Project="x86" />
        </Project>
        <Project Path="src/ThunderPropagator.SubscriptionMessageFormatters.NetJson/ThunderPropagator.SubscriptionMessageFormatters.NetJson.csproj">
            <Platform Solution="*|ARM64" Project="ARM64" />
            <Platform Solution="*|x64" Project="x64" />
            <Platform Solution="*|x86" Project="x86" />
        </Project>
        <Project Path="src/ThunderPropagator.SubscriptionMessageFormatters.Protobuf/ThunderPropagator.SubscriptionMessageFormatters.Protobuf.csproj">
            <Platform Solution="*|ARM64" Project="ARM64" />
            <Platform Solution="*|x64" Project="x64" />
            <Platform Solution="*|x86" Project="x86" />
        </Project>
        <Project Path="src/ThunderPropagator.SubscriptionMessageFormatters.Toon/ThunderPropagator.SubscriptionMessageFormatters.Toon.csproj">
            <Platform Solution="*|ARM64" Project="ARM64" />
            <Platform Solution="*|x64" Project="x64" />
            <Platform Solution="*|x86" Project="x86" />
        </Project>
        <Project Path="src/ThunderPropagator.SubscriptionMessageFormatters.Xml/ThunderPropagator.SubscriptionMessageFormatters.Xml.csproj">
            <Platform Solution="*|ARM64" Project="ARM64" />
            <Platform Solution="*|x64" Project="x64" />
            <Platform Solution="*|x86" Project="x86" />
        </Project>
        <Project Path="src/ThunderPropagator.SubscriptionMessageFormatters.Yaml/ThunderPropagator.SubscriptionMessageFormatters.Yaml.csproj">
            <Platform Solution="*|ARM64" Project="ARM64" />
            <Platform Solution="*|x64" Project="x64" />
            <Platform Solution="*|x86" Project="x86" />
        </Project>
    </Folder>
    <Folder Name="/Tests/">
        <Project Path="Tests/ArchTests/ArchTests.csproj">
            <Platform Solution="*|ARM64" Project="ARM64" />
            <Platform Solution="*|x64" Project="x64" />
            <Platform Solution="*|x86" Project="x86" />
            <Build Solution="*|ARM64" Project="false" />
            <Build Solution="*|x64" Project="false" />
            <Build Solution="*|x86" Project="false" />
            <Build Solution="Release|Any CPU" Project="false" />
        </Project>
        <Project Path="Tests/ThunderPropagator.UnitTests/ThunderPropagator.UnitTests.csproj">
            <Platform Solution="*|ARM64" Project="ARM64" />
            <Platform Solution="*|x64" Project="x64" />
            <Platform Solution="*|x86" Project="x86" />
            <Build Solution="*|ARM64" Project="false" />
            <Build Solution="*|x64" Project="false" />
            <Build Solution="*|x86" Project="false" />
            <Build Solution="Release|Any CPU" Project="false" />
        </Project>
    </Folder>
</Solution>
